
Microsoft Visual Studio Solution File, Format Version 12.00
# Visual Studio 15
VisualStudioVersion = 15.0.28307.645
MinimumVisualStudioVersion = 10.0.40219.1
Project("{FAE04EC0-301F-11D3-BF4B-00C04F79EFBC}") = "WinOLEDocumentLister", "WinOLEDocumentLister.csproj", "{A8EE9D9D-4266-4B34-9280-479622654271}"
EndProject
Project("{9A19103F-16F7-4668-BE54-9A1E7A4F7556}") = "OpenMcdf", "..\..\open_source\openmcdf\sources\OpenMcdf\OpenMcdf.csproj", "{56E15D4A-8A37-4C7C-BB44-FD59AFF220C1}"
EndProject
Project("{FAE04EC0-301F-11D3-BF4B-00C04F79EFBC}") = "MCDFWrapper", "..\libraries\c-sharp\MCDFWrapper\MCDFWrapper\MCDFWrapper.csproj", "{EA3DD55C-959C-4D0F-8760-7A2673E873E8}"
EndProject
Global
	GlobalSection(SolutionConfigurationPlatforms) = preSolution
		Debug|Any CPU = Debug|Any CPU
		Release|Any CPU = Release|Any CPU
	EndGlobalSection
	GlobalSection(ProjectConfigurationPlatforms) = postSolution
		{A8EE9D9D-4266-4B34-9280-479622654271}.Debug|Any CPU.ActiveCfg = Debug|Any CPU
		{A8EE9D9D-4266-4B34-9280-479622654271}.Debug|Any CPU.Build.0 = Debug|Any CPU
		{A8EE9D9D-4266-4B34-9280-479622654271}.Release|Any CPU.ActiveCfg = Release|Any CPU
		{A8EE9D9D-4266-4B34-9280-479622654271}.Release|Any CPU.Build.0 = Release|Any CPU
		{56E15D4A-8A37-4C7C-BB44-FD59AFF220C1}.Debug|Any CPU.ActiveCfg = Debug|Any CPU
		{56E15D4A-8A37-4C7C-BB44-FD59AFF220C1}.Debug|Any CPU.Build.0 = Debug|Any CPU
		{56E15D4A-8A37-4C7C-BB44-FD59AFF220C1}.Release|Any CPU.ActiveCfg = Release|Any CPU
		{56E15D4A-8A37-4C7C-BB44-FD59AFF220C1}.Release|Any CPU.Build.0 = Release|Any CPU
		{EA3DD55C-959C-4D0F-8760-7A2673E873E8}.Debug|Any CPU.ActiveCfg = Debug|Any CPU
		{EA3DD55C-959C-4D0F-8760-7A2673E873E8}.Debug|Any CPU.Build.0 = Debug|Any CPU
		{EA3DD55C-959C-4D0F-8760-7A2673E873E8}.Release|Any CPU.ActiveCfg = Release|Any CPU
		{EA3DD55C-959C-4D0F-8760-7A2673E873E8}.Release|Any CPU.Build.0 = Release|Any CPU
	EndGlobalSection
	GlobalSection(SolutionProperties) = preSolution
		HideSolutionNode = FALSE
	EndGlobalSection
	GlobalSection(ExtensibilityGlobals) = postSolution
		SolutionGuid = {D9E74EE2-C412-4865-BCBE-E1CE5B14C8E7}
	EndGlobalSection
EndGlobal
